
Microsoft Visual Studio Solution File, Format Version 12.00
# Visual Studio 14
VisualStudioVersion = 14.0.23107.0
MinimumVisualStudioVersion = 10.0.40219.1
Project("{FAE04EC0-301F-11D3-BF4B-00C04F79EFBC}") = "MongoIdentity", "MongoIdentity\MongoIdentity.csproj", "{3F73AD72-F5E1-42AE-AE07-0F36E3544DE2}"
EndProject
Project("{FAE04EC0-301F-11D3-BF4B-00C04F79EFBC}") = "MongoIdentity.UnitTests", "MongoIdentity.UnitTests\MongoIdentity.UnitTests.csproj", "{9651D50F-B81F-47A4-B18E-0F28DFFDBFA1}"
EndProject
Project("{FAE04EC0-301F-11D3-BF4B-00C04F79EFBC}") = "MongoIdentity.IntegrationTests", "MongoIdentity.IntegrationTests\MongoIdentity.IntegrationTests.csproj", "{C236AB0C-4325-4A3D-BA1B-0C3D8E27036D}"
EndProject
Project("{2150E333-8FDC-42A3-9474-1A3956D46DE8}") = "Tests", "Tests", "{B74CABF2-B628-45FF-8427-72F2E93A0FE3}"
EndProject
Global
	GlobalSection(SolutionConfigurationPlatforms) = preSolution
		Debug|Any CPU = Debug|Any CPU
		Release|Any CPU = Release|Any CPU
	EndGlobalSection
	GlobalSection(ProjectConfigurationPlatforms) = postSolution
		{3F73AD72-F5E1-42AE-AE07-0F36E3544DE2}.Debug|Any CPU.ActiveCfg = Debug|Any CPU
		{3F73AD72-F5E1-42AE-AE07-0F36E3544DE2}.Debug|Any CPU.Build.0 = Debug|Any CPU
		{3F73AD72-F5E1-42AE-AE07-0F36E3544DE2}.Release|Any CPU.ActiveCfg = Release|Any CPU
		{3F73AD72-F5E1-42AE-AE07-0F36E3544DE2}.Release|Any CPU.Build.0 = Release|Any CPU
		{9651D50F-B81F-47A4-B18E-0F28DFFDBFA1}.Debug|Any CPU.ActiveCfg = Debug|Any CPU
		{9651D50F-B81F-47A4-B18E-0F28DFFDBFA1}.Debug|Any CPU.Build.0 = Debug|Any CPU
		{9651D50F-B81F-47A4-B18E-0F28DFFDBFA1}.Release|Any CPU.ActiveCfg = Release|Any CPU
		{9651D50F-B81F-47A4-B18E-0F28DFFDBFA1}.Release|Any CPU.Build.0 = Release|Any CPU
		{C236AB0C-4325-4A3D-BA1B-0C3D8E27036D}.Debug|Any CPU.ActiveCfg = Debug|Any CPU
		{C236AB0C-4325-4A3D-BA1B-0C3D8E27036D}.Debug|Any CPU.Build.0 = Debug|Any CPU
		{C236AB0C-4325-4A3D-BA1B-0C3D8E27036D}.Release|Any CPU.ActiveCfg = Release|Any CPU
		{C236AB0C-4325-4A3D-BA1B-0C3D8E27036D}.Release|Any CPU.Build.0 = Release|Any CPU
	EndGlobalSection
	GlobalSection(SolutionProperties) = preSolution
		HideSolutionNode = FALSE
	EndGlobalSection
	GlobalSection(NestedProjects) = preSolution
		{9651D50F-B81F-47A4-B18E-0F28DFFDBFA1} = {B74CABF2-B628-45FF-8427-72F2E93A0FE3}
		{C236AB0C-4325-4A3D-BA1B-0C3D8E27036D} = {B74CABF2-B628-45FF-8427-72F2E93A0FE3}
	EndGlobalSection
EndGlobal
